
Microsoft Visual Studio Solution File, Format Version 12.00
# Visual Studio Version 17
VisualStudioVersion = 17.7.34009.444
MinimumVisualStudioVersion = 10.0.40219.1
Project("{FAE04EC0-301F-11D3-BF4B-00C04F79EFBC}") = "GST", "GST\GST.csproj", "{FB747CFE-9F7C-4504-95FF-7D8D612074D1}"
EndProject
Global
	GlobalSection(SolutionConfigurationPlatforms) = preSolution
		Debug|Any CPU = Debug|Any CPU
		Release|Any CPU = Release|Any CPU
	EndGlobalSection
	GlobalSection(ProjectConfigurationPlatforms) = postSolution
		{FB747CFE-9F7C-4504-95FF-7D8D612074D1}.Debug|Any CPU.ActiveCfg = Debug|Any CPU
		{FB747CFE-9F7C-4504-95FF-7D8D612074D1}.Debug|Any CPU.Build.0 = Debug|Any CPU
		{FB747CFE-9F7C-4504-95FF-7D8D612074D1}.Release|Any CPU.ActiveCfg = Release|Any CPU
		{FB747CFE-9F7C-4504-95FF-7D8D612074D1}.Release|Any CPU.Build.0 = Release|Any CPU
	EndGlobalSection
	GlobalSection(SolutionProperties) = preSolution
		HideSolutionNode = FALSE
	EndGlobalSection
	GlobalSection(ExtensibilityGlobals) = postSolution
		SolutionGuid = {14F62997-89B0-4A4D-8541-2E9CCF45D4F4}
	EndGlobalSection
EndGlobal
